
Microsoft Visual Studio Solution File, Format Version 12.00
# Visual Studio 15
VisualStudioVersion = 15.0.28307.645
MinimumVisualStudioVersion = 10.0.40219.1
Project("{FAE04EC0-301F-11D3-BF4B-00C04F79EFBC}") = "PointerPlace.CLI", "PointerPlace.CLI\PointerPlace.CLI.csproj", "{5A9BDC80-FDC5-4E9F-AC6E-2639D2158698}"
EndProject
Project("{FAE04EC0-301F-11D3-BF4B-00C04F79EFBC}") = "PointerPlace.CLI.Samples", "PointerPlace.CLI.Samples\PointerPlace.CLI.Samples.csproj", "{66DA801A-70C9-4A47-BE15-309FE244E0EF}"
EndProject
Project("{FAE04EC0-301F-11D3-BF4B-00C04F79EFBC}") = "PointerPlace.CLI.Test", "PointerPlace.CLI.Test\PointerPlace.CLI.Test.csproj", "{6CB965D1-7C02-4B5A-BACA-A41B82EDC332}"
EndProject
Project("{2150E333-8FDC-42A3-9474-1A3956D46DE8}") = "NuGet", "NuGet", "{272A44F8-DAB9-468D-9910-1F81584018DC}"
	ProjectSection(SolutionItems) = preProject
		NuGet\PointerPlace.CLI.nuspec = NuGet\PointerPlace.CLI.nuspec
	EndProjectSection
EndProject
Global
	GlobalSection(SolutionConfigurationPlatforms) = preSolution
		Debug|Any CPU = Debug|Any CPU
		Release|Any CPU = Release|Any CPU
	EndGlobalSection
	GlobalSection(ProjectConfigurationPlatforms) = postSolution
		{5A9BDC80-FDC5-4E9F-AC6E-2639D2158698}.Debug|Any CPU.ActiveCfg = Debug|Any CPU
		{5A9BDC80-FDC5-4E9F-AC6E-2639D2158698}.Debug|Any CPU.Build.0 = Debug|Any CPU
		{5A9BDC80-FDC5-4E9F-AC6E-2639D2158698}.Release|Any CPU.ActiveCfg = Release|Any CPU
		{5A9BDC80-FDC5-4E9F-AC6E-2639D2158698}.Release|Any CPU.Build.0 = Release|Any CPU
		{66DA801A-70C9-4A47-BE15-309FE244E0EF}.Debug|Any CPU.ActiveCfg = Debug|Any CPU
		{66DA801A-70C9-4A47-BE15-309FE244E0EF}.Debug|Any CPU.Build.0 = Debug|Any CPU
		{66DA801A-70C9-4A47-BE15-309FE244E0EF}.Release|Any CPU.ActiveCfg = Release|Any CPU
		{66DA801A-70C9-4A47-BE15-309FE244E0EF}.Release|Any CPU.Build.0 = Release|Any CPU
		{6CB965D1-7C02-4B5A-BACA-A41B82EDC332}.Debug|Any CPU.ActiveCfg = Debug|Any CPU
		{6CB965D1-7C02-4B5A-BACA-A41B82EDC332}.Debug|Any CPU.Build.0 = Debug|Any CPU
		{6CB965D1-7C02-4B5A-BACA-A41B82EDC332}.Release|Any CPU.ActiveCfg = Release|Any CPU
		{6CB965D1-7C02-4B5A-BACA-A41B82EDC332}.Release|Any CPU.Build.0 = Release|Any CPU
	EndGlobalSection
	GlobalSection(SolutionProperties) = preSolution
		HideSolutionNode = FALSE
	EndGlobalSection
	GlobalSection(ExtensibilityGlobals) = postSolution
		SolutionGuid = {179AEEBB-0F44-4DA1-947F-79932EFC9BB3}
	EndGlobalSection
EndGlobal
