
Microsoft Visual Studio Solution File, Format Version 12.00
# Visual Studio 2013
VisualStudioVersion = 12.0.31101.0
MinimumVisualStudioVersion = 10.0.40219.1
Project("{FAE04EC0-301F-11D3-BF4B-00C04F79EFBC}") = "PointerPlace.CLI", "PointerPlace.CLI\PointerPlace.CLI.csproj", "{AD02B8E1-3DA2-4EB8-BA46-F62FB0F4DBA4}"
EndProject
Project("{FAE04EC0-301F-11D3-BF4B-00C04F79EFBC}") = "PointerPlace.CLI.Test", "PointerPlace.CLI.Test\PointerPlace.CLI.Test.csproj", "{6403DD4C-1D4B-4A8A-AC69-D133575B410A}"
EndProject
Project("{FAE04EC0-301F-11D3-BF4B-00C04F79EFBC}") = "PointerPlace.CLI.Samples", "PointerPlace.CLI.Samples\PointerPlace.CLI.Samples.csproj", "{9DDB020C-2284-4761-B26D-CA21B21C1C95}"
EndProject
Global
	GlobalSection(SolutionConfigurationPlatforms) = preSolution
		Debug|Any CPU = Debug|Any CPU
		Release|Any CPU = Release|Any CPU
	EndGlobalSection
	GlobalSection(ProjectConfigurationPlatforms) = postSolution
		{AD02B8E1-3DA2-4EB8-BA46-F62FB0F4DBA4}.Debug|Any CPU.ActiveCfg = Debug|Any CPU
		{AD02B8E1-3DA2-4EB8-BA46-F62FB0F4DBA4}.Debug|Any CPU.Build.0 = Debug|Any CPU
		{AD02B8E1-3DA2-4EB8-BA46-F62FB0F4DBA4}.Release|Any CPU.ActiveCfg = Release|Any CPU
		{AD02B8E1-3DA2-4EB8-BA46-F62FB0F4DBA4}.Release|Any CPU.Build.0 = Release|Any CPU
		{6403DD4C-1D4B-4A8A-AC69-D133575B410A}.Debug|Any CPU.ActiveCfg = Debug|Any CPU
		{6403DD4C-1D4B-4A8A-AC69-D133575B410A}.Debug|Any CPU.Build.0 = Debug|Any CPU
		{6403DD4C-1D4B-4A8A-AC69-D133575B410A}.Release|Any CPU.ActiveCfg = Release|Any CPU
		{6403DD4C-1D4B-4A8A-AC69-D133575B410A}.Release|Any CPU.Build.0 = Release|Any CPU
		{9DDB020C-2284-4761-B26D-CA21B21C1C95}.Debug|Any CPU.ActiveCfg = Debug|Any CPU
		{9DDB020C-2284-4761-B26D-CA21B21C1C95}.Debug|Any CPU.Build.0 = Debug|Any CPU
		{9DDB020C-2284-4761-B26D-CA21B21C1C95}.Release|Any CPU.ActiveCfg = Release|Any CPU
		{9DDB020C-2284-4761-B26D-CA21B21C1C95}.Release|Any CPU.Build.0 = Release|Any CPU
	EndGlobalSection
	GlobalSection(SolutionProperties) = preSolution
		HideSolutionNode = FALSE
	EndGlobalSection
EndGlobal
